
Microsoft Visual Studio Solution File, Format Version 12.00
# Visual Studio Version 16
VisualStudioVersion = 16.0.30907.101
MinimumVisualStudioVersion = 10.0.40219.1
Project("{9A19103F-16F7-4668-BE54-9A1E7A4F7556}") = "DOTNETCOREWithAngular_Assessment", "DOTNETCOREWithAngular_Assessment\DOTNETCOREWithAngular_Assessment.csproj", "{28E3F34D-E0AE-4C34-9D36-20EB53F0ECA0}"
EndProject
Project("{FAE04EC0-301F-11D3-BF4B-00C04F79EFBC}") = "DOTNETCOREWithAngular_AssessmentTests", "DOTNETCOREWithAngular_AssessmentTests\DOTNETCOREWithAngular_AssessmentTests.csproj", "{20E958C0-0373-4D08-AF63-C817A5A5FF18}"
EndProject
Global
	GlobalSection(SolutionConfigurationPlatforms) = preSolution
		Debug|Any CPU = Debug|Any CPU
		Release|Any CPU = Release|Any CPU
	EndGlobalSection
	GlobalSection(ProjectConfigurationPlatforms) = postSolution
		{28E3F34D-E0AE-4C34-9D36-20EB53F0ECA0}.Debug|Any CPU.ActiveCfg = Debug|Any CPU
		{28E3F34D-E0AE-4C34-9D36-20EB53F0ECA0}.Debug|Any CPU.Build.0 = Debug|Any CPU
		{28E3F34D-E0AE-4C34-9D36-20EB53F0ECA0}.Release|Any CPU.ActiveCfg = Release|Any CPU
		{28E3F34D-E0AE-4C34-9D36-20EB53F0ECA0}.Release|Any CPU.Build.0 = Release|Any CPU
		{20E958C0-0373-4D08-AF63-C817A5A5FF18}.Debug|Any CPU.ActiveCfg = Debug|Any CPU
		{20E958C0-0373-4D08-AF63-C817A5A5FF18}.Debug|Any CPU.Build.0 = Debug|Any CPU
		{20E958C0-0373-4D08-AF63-C817A5A5FF18}.Release|Any CPU.ActiveCfg = Release|Any CPU
		{20E958C0-0373-4D08-AF63-C817A5A5FF18}.Release|Any CPU.Build.0 = Release|Any CPU
	EndGlobalSection
	GlobalSection(SolutionProperties) = preSolution
		HideSolutionNode = FALSE
	EndGlobalSection
	GlobalSection(ExtensibilityGlobals) = postSolution
		SolutionGuid = {96C22B63-138B-4FF4-AADA-951F62DE37C1}
	EndGlobalSection
EndGlobal
